
Microsoft Visual Studio Solution File, Format Version 12.00
# Visual Studio 14
VisualStudioVersion = 14.0.25420.1
MinimumVisualStudioVersion = 10.0.40219.1
Project("{FAE04EC0-301F-11D3-BF4B-00C04F79EFBC}") = "DefineClassPerson", "DefineClassPerson\DefineClassPerson.csproj", "{F174C686-30FD-4B6B-98C8-CD4AB980054F}"
EndProject
Project("{FAE04EC0-301F-11D3-BF4B-00C04F79EFBC}") = "CreatingConstuctors", "CreatingConstuctors\CreatingConstuctors.csproj", "{8CFA8600-B1C0-406C-B011-1A14BB19D4C0}"
EndProject
Project("{FAE04EC0-301F-11D3-BF4B-00C04F79EFBC}") = "OpinionPoll", "OpinionPoll\OpinionPoll.csproj", "{03D7E682-68D5-4244-A287-BA9338F31A73}"
EndProject
Project("{FAE04EC0-301F-11D3-BF4B-00C04F79EFBC}") = "CompanyRoster", "CompanyRoster\CompanyRoster.csproj", "{7DCD73E3-BDED-4A18-B1D5-03B5299EACBD}"
EndProject
Project("{FAE04EC0-301F-11D3-BF4B-00C04F79EFBC}") = "CarSalesman", "CarSalesman\CarSalesman.csproj", "{C88ED812-B051-4448-ACE3-7B74082A83BB}"
EndProject
Project("{FAE04EC0-301F-11D3-BF4B-00C04F79EFBC}") = "SpeedRacing", "SpeedRacing\SpeedRacing.csproj", "{DE99D68C-B377-4340-95E2-963313D96363}"
EndProject
Project("{FAE04EC0-301F-11D3-BF4B-00C04F79EFBC}") = "RawData", "RawData\RawData.csproj", "{75DCF83B-C05F-42C9-80BA-764EBEDC920A}"
EndProject
Project("{FAE04EC0-301F-11D3-BF4B-00C04F79EFBC}") = "PokemonTrainer", "PokemonTrainer\PokemonTrainer.csproj", "{A1B36101-57C4-48D0-AF5F-5F355BD8DB9C}"
EndProject
Project("{FAE04EC0-301F-11D3-BF4B-00C04F79EFBC}") = "Google", "Google\Google.csproj", "{00A3B55A-17C5-4660-BCB9-68B7CCCD66B7}"
EndProject
Global
	GlobalSection(SolutionConfigurationPlatforms) = preSolution
		Debug|Any CPU = Debug|Any CPU
		Release|Any CPU = Release|Any CPU
	EndGlobalSection
	GlobalSection(ProjectConfigurationPlatforms) = postSolution
		{F174C686-30FD-4B6B-98C8-CD4AB980054F}.Debug|Any CPU.ActiveCfg = Debug|Any CPU
		{F174C686-30FD-4B6B-98C8-CD4AB980054F}.Debug|Any CPU.Build.0 = Debug|Any CPU
		{F174C686-30FD-4B6B-98C8-CD4AB980054F}.Release|Any CPU.ActiveCfg = Release|Any CPU
		{F174C686-30FD-4B6B-98C8-CD4AB980054F}.Release|Any CPU.Build.0 = Release|Any CPU
		{8CFA8600-B1C0-406C-B011-1A14BB19D4C0}.Debug|Any CPU.ActiveCfg = Debug|Any CPU
		{8CFA8600-B1C0-406C-B011-1A14BB19D4C0}.Debug|Any CPU.Build.0 = Debug|Any CPU
		{8CFA8600-B1C0-406C-B011-1A14BB19D4C0}.Release|Any CPU.ActiveCfg = Release|Any CPU
		{8CFA8600-B1C0-406C-B011-1A14BB19D4C0}.Release|Any CPU.Build.0 = Release|Any CPU
		{03D7E682-68D5-4244-A287-BA9338F31A73}.Debug|Any CPU.ActiveCfg = Debug|Any CPU
		{03D7E682-68D5-4244-A287-BA9338F31A73}.Debug|Any CPU.Build.0 = Debug|Any CPU
		{03D7E682-68D5-4244-A287-BA9338F31A73}.Release|Any CPU.ActiveCfg = Release|Any CPU
		{03D7E682-68D5-4244-A287-BA9338F31A73}.Release|Any CPU.Build.0 = Release|Any CPU
		{7DCD73E3-BDED-4A18-B1D5-03B5299EACBD}.Debug|Any CPU.ActiveCfg = Debug|Any CPU
		{7DCD73E3-BDED-4A18-B1D5-03B5299EACBD}.Debug|Any CPU.Build.0 = Debug|Any CPU
		{7DCD73E3-BDED-4A18-B1D5-03B5299EACBD}.Release|Any CPU.ActiveCfg = Release|Any CPU
		{7DCD73E3-BDED-4A18-B1D5-03B5299EACBD}.Release|Any CPU.Build.0 = Release|Any CPU
		{C88ED812-B051-4448-ACE3-7B74082A83BB}.Debug|Any CPU.ActiveCfg = Debug|Any CPU
		{C88ED812-B051-4448-ACE3-7B74082A83BB}.Debug|Any CPU.Build.0 = Debug|Any CPU
		{C88ED812-B051-4448-ACE3-7B74082A83BB}.Release|Any CPU.ActiveCfg = Release|Any CPU
		{C88ED812-B051-4448-ACE3-7B74082A83BB}.Release|Any CPU.Build.0 = Release|Any CPU
		{DE99D68C-B377-4340-95E2-963313D96363}.Debug|Any CPU.ActiveCfg = Debug|Any CPU
		{DE99D68C-B377-4340-95E2-963313D96363}.Debug|Any CPU.Build.0 = Debug|Any CPU
		{DE99D68C-B377-4340-95E2-963313D96363}.Release|Any CPU.ActiveCfg = Release|Any CPU
		{DE99D68C-B377-4340-95E2-963313D96363}.Release|Any CPU.Build.0 = Release|Any CPU
		{75DCF83B-C05F-42C9-80BA-764EBEDC920A}.Debug|Any CPU.ActiveCfg = Debug|Any CPU
		{75DCF83B-C05F-42C9-80BA-764EBEDC920A}.Debug|Any CPU.Build.0 = Debug|Any CPU
		{75DCF83B-C05F-42C9-80BA-764EBEDC920A}.Release|Any CPU.ActiveCfg = Release|Any CPU
		{75DCF83B-C05F-42C9-80BA-764EBEDC920A}.Release|Any CPU.Build.0 = Release|Any CPU
		{A1B36101-57C4-48D0-AF5F-5F355BD8DB9C}.Debug|Any CPU.ActiveCfg = Debug|Any CPU
		{A1B36101-57C4-48D0-AF5F-5F355BD8DB9C}.Debug|Any CPU.Build.0 = Debug|Any CPU
		{A1B36101-57C4-48D0-AF5F-5F355BD8DB9C}.Release|Any CPU.ActiveCfg = Release|Any CPU
		{A1B36101-57C4-48D0-AF5F-5F355BD8DB9C}.Release|Any CPU.Build.0 = Release|Any CPU
		{00A3B55A-17C5-4660-BCB9-68B7CCCD66B7}.Debug|Any CPU.ActiveCfg = Debug|Any CPU
		{00A3B55A-17C5-4660-BCB9-68B7CCCD66B7}.Debug|Any CPU.Build.0 = Debug|Any CPU
		{00A3B55A-17C5-4660-BCB9-68B7CCCD66B7}.Release|Any CPU.ActiveCfg = Release|Any CPU
		{00A3B55A-17C5-4660-BCB9-68B7CCCD66B7}.Release|Any CPU.Build.0 = Release|Any CPU
	EndGlobalSection
	GlobalSection(SolutionProperties) = preSolution
		HideSolutionNode = FALSE
	EndGlobalSection
EndGlobal
