
Microsoft Visual Studio Solution File, Format Version 12.00
# Visual Studio 14
VisualStudioVersion = 14.0.25420.1
MinimumVisualStudioVersion = 10.0.40219.1
Project("{FAE04EC0-301F-11D3-BF4B-00C04F79EFBC}") = "ClassBox", "ClassBox\ClassBox.csproj", "{D664951F-D575-4653-A2EA-26D3E18F0800}"
EndProject
Project("{FAE04EC0-301F-11D3-BF4B-00C04F79EFBC}") = "ClassBoxDataValidation", "ClassBoxDataValidation\ClassBoxDataValidation.csproj", "{920BB7C3-0E2F-4056-BD30-F0F29459DCD5}"
EndProject
Project("{FAE04EC0-301F-11D3-BF4B-00C04F79EFBC}") = "AnimalFarm", "AnimalFarm\AnimalFarm.csproj", "{4F191ECE-1439-42AB-8806-904835B9CBD2}"
EndProject
Project("{FAE04EC0-301F-11D3-BF4B-00C04F79EFBC}") = "ShoppingSpree", "ShoppingSpree\ShoppingSpree.csproj", "{8DE56F93-952D-48CE-AFDE-1DBC9BCF27A8}"
EndProject
Global
	GlobalSection(SolutionConfigurationPlatforms) = preSolution
		Debug|Any CPU = Debug|Any CPU
		Release|Any CPU = Release|Any CPU
	EndGlobalSection
	GlobalSection(ProjectConfigurationPlatforms) = postSolution
		{D664951F-D575-4653-A2EA-26D3E18F0800}.Debug|Any CPU.ActiveCfg = Debug|Any CPU
		{D664951F-D575-4653-A2EA-26D3E18F0800}.Debug|Any CPU.Build.0 = Debug|Any CPU
		{D664951F-D575-4653-A2EA-26D3E18F0800}.Release|Any CPU.ActiveCfg = Release|Any CPU
		{D664951F-D575-4653-A2EA-26D3E18F0800}.Release|Any CPU.Build.0 = Release|Any CPU
		{920BB7C3-0E2F-4056-BD30-F0F29459DCD5}.Debug|Any CPU.ActiveCfg = Debug|Any CPU
		{920BB7C3-0E2F-4056-BD30-F0F29459DCD5}.Debug|Any CPU.Build.0 = Debug|Any CPU
		{920BB7C3-0E2F-4056-BD30-F0F29459DCD5}.Release|Any CPU.ActiveCfg = Release|Any CPU
		{920BB7C3-0E2F-4056-BD30-F0F29459DCD5}.Release|Any CPU.Build.0 = Release|Any CPU
		{4F191ECE-1439-42AB-8806-904835B9CBD2}.Debug|Any CPU.ActiveCfg = Debug|Any CPU
		{4F191ECE-1439-42AB-8806-904835B9CBD2}.Debug|Any CPU.Build.0 = Debug|Any CPU
		{4F191ECE-1439-42AB-8806-904835B9CBD2}.Release|Any CPU.ActiveCfg = Release|Any CPU
		{4F191ECE-1439-42AB-8806-904835B9CBD2}.Release|Any CPU.Build.0 = Release|Any CPU
		{8DE56F93-952D-48CE-AFDE-1DBC9BCF27A8}.Debug|Any CPU.ActiveCfg = Debug|Any CPU
		{8DE56F93-952D-48CE-AFDE-1DBC9BCF27A8}.Debug|Any CPU.Build.0 = Debug|Any CPU
		{8DE56F93-952D-48CE-AFDE-1DBC9BCF27A8}.Release|Any CPU.ActiveCfg = Release|Any CPU
		{8DE56F93-952D-48CE-AFDE-1DBC9BCF27A8}.Release|Any CPU.Build.0 = Release|Any CPU
	EndGlobalSection
	GlobalSection(SolutionProperties) = preSolution
		HideSolutionNode = FALSE
	EndGlobalSection
EndGlobal
